
Microsoft Visual Studio Solution File, Format Version 12.00
Project("{FAE04EC0-301F-11D3-BF4B-00C04F79EFBC}") = "Lab_02_OOP", "Lab_04_OOP\Lab_04_OOP.csproj", "{B10DA2E8-30FC-4713-9CB5-D663FC6E2F28}"
EndProject
Global
	GlobalSection(SolutionConfigurationPlatforms) = preSolution
		Debug|Any CPU = Debug|Any CPU
		Release|Any CPU = Release|Any CPU
	EndGlobalSection
	GlobalSection(ProjectConfigurationPlatforms) = postSolution
		{B10DA2E8-30FC-4713-9CB5-D663FC6E2F28}.Debug|Any CPU.ActiveCfg = Debug|Any CPU
		{B10DA2E8-30FC-4713-9CB5-D663FC6E2F28}.Debug|Any CPU.Build.0 = Debug|Any CPU
		{B10DA2E8-30FC-4713-9CB5-D663FC6E2F28}.Release|Any CPU.ActiveCfg = Release|Any CPU
		{B10DA2E8-30FC-4713-9CB5-D663FC6E2F28}.Release|Any CPU.Build.0 = Release|Any CPU
	EndGlobalSection
EndGlobal
